// !$*UTF8*$!
{
	archiveVersion = 1;
	classes = {
	};
	objectVersion = 55;
	objects = {

/* Begin PBXBuildFile section */
		67D344C03143290C3195B9A3 /* Pods_HakodateBusApp.framework in Frameworks */ = {isa = PBXBuildFile; fileRef = 0C84B1ABC1AD90E810ADC6B9 /* Pods_HakodateBusApp.framework */; };
		967FA1D128BDE2F8008D057B /* Mintfile in Resources */ = {isa = PBXBuildFile; fileRef = 967FA1D028BDE2F8008D057B /* Mintfile */; };
		967FA1D328BDE34A008D057B /* viewController.swift in Sources */ = {isa = PBXBuildFile; fileRef = 967FA1D228BDE34A008D057B /* viewController.swift */; };
		96DEE0B4271CEFC8003C3985 /* AppDelegate.swift in Sources */ = {isa = PBXBuildFile; fileRef = 96DEE0B3271CEFC8003C3985 /* AppDelegate.swift */; };
		96DEE0B6271CEFC8003C3985 /* SceneDelegate.swift in Sources */ = {isa = PBXBuildFile; fileRef = 96DEE0B5271CEFC8003C3985 /* SceneDelegate.swift */; };
		96DEE0BB271CEFC8003C3985 /* Main.storyboard in Resources */ = {isa = PBXBuildFile; fileRef = 96DEE0B9271CEFC8003C3985 /* Main.storyboard */; };
		96DEE0BD271CEFCC003C3985 /* Assets.xcassets in Resources */ = {isa = PBXBuildFile; fileRef = 96DEE0BC271CEFCC003C3985 /* Assets.xcassets */; };
		96DEE0C0271CEFCC003C3985 /* LaunchScreen.storyboard in Resources */ = {isa = PBXBuildFile; fileRef = 96DEE0BE271CEFCC003C3985 /* LaunchScreen.storyboard */; };
/* End PBXBuildFile section */

/* Begin PBXFileReference section */
		0C84B1ABC1AD90E810ADC6B9 /* Pods_HakodateBusApp.framework */ = {isa = PBXFileReference; explicitFileType = wrapper.framework; includeInIndex = 0; path = Pods_HakodateBusApp.framework; sourceTree = BUILT_PRODUCTS_DIR; };
		33AFFF9343330E281FE65617 /* Pods-HakodateBusApp.release.xcconfig */ = {isa = PBXFileReference; includeInIndex = 1; lastKnownFileType = text.xcconfig; name = "Pods-HakodateBusApp.release.xcconfig"; path = "Target Support Files/Pods-HakodateBusApp/Pods-HakodateBusApp.release.xcconfig"; sourceTree = "<group>"; };
		967FA1D028BDE2F8008D057B /* Mintfile */ = {isa = PBXFileReference; lastKnownFileType = text; path = Mintfile; sourceTree = "<group>"; };
		967FA1D228BDE34A008D057B /* viewController.swift */ = {isa = PBXFileReference; lastKnownFileType = sourcecode.swift; path = viewController.swift; sourceTree = "<group>"; };
		96DEE0B0271CEFC8003C3985 /* HakodateBusApp.app */ = {isa = PBXFileReference; explicitFileType = wrapper.application; includeInIndex = 0; path = HakodateBusApp.app; sourceTree = BUILT_PRODUCTS_DIR; };
		96DEE0B3271CEFC8003C3985 /* AppDelegate.swift */ = {isa = PBXFileReference; lastKnownFileType = sourcecode.swift; path = AppDelegate.swift; sourceTree = "<group>"; };
		96DEE0B5271CEFC8003C3985 /* SceneDelegate.swift */ = {isa = PBXFileReference; lastKnownFileType = sourcecode.swift; path = SceneDelegate.swift; sourceTree = "<group>"; };
		96DEE0BA271CEFC8003C3985 /* Base */ = {isa = PBXFileReference; lastKnownFileType = file.storyboard; name = Base; path = Base.lproj/Main.storyboard; sourceTree = "<group>"; };
		96DEE0BC271CEFCC003C3985 /* Assets.xcassets */ = {isa = PBXFileReference; lastKnownFileType = folder.assetcatalog; path = Assets.xcassets; sourceTree = "<group>"; };
		96DEE0BF271CEFCC003C3985 /* Base */ = {isa = PBXFileReference; lastKnownFileType = file.storyboard; name = Base; path = Base.lproj/LaunchScreen.storyboard; sourceTree = "<group>"; };
		96DEE0C1271CEFCD003C3985 /* Info.plist */ = {isa = PBXFileReference; lastKnownFileType = text.plist.xml; path = Info.plist; sourceTree = "<group>"; };
		EAE54F54C765B4181ED66636 /* Pods-HakodateBusApp.debug.xcconfig */ = {isa = PBXFileReference; includeInIndex = 1; lastKnownFileType = text.xcconfig; name = "Pods-HakodateBusApp.debug.xcconfig"; path = "Target Support Files/Pods-HakodateBusApp/Pods-HakodateBusApp.debug.xcconfig"; sourceTree = "<group>"; };
/* End PBXFileReference section */

/* Begin PBXFrameworksBuildPhase section */
		96DEE0AD271CEFC8003C3985 /* Frameworks */ = {
			isa = PBXFrameworksBuildPhase;
			buildActionMask = 2147483647;
			files = (
				67D344C03143290C3195B9A3 /* Pods_HakodateBusApp.framework in Frameworks */,
			);
			runOnlyForDeploymentPostprocessing = 0;
		};
/* End PBXFrameworksBuildPhase section */

/* Begin PBXGroup section */
		1A9D3EA5330F2F3991B02E31 /* Pods */ = {
			isa = PBXGroup;
			children = (
				EAE54F54C765B4181ED66636 /* Pods-HakodateBusApp.debug.xcconfig */,
				33AFFF9343330E281FE65617 /* Pods-HakodateBusApp.release.xcconfig */,
			);
			path = Pods;
			sourceTree = "<group>";
		};
		6A2518D2FCE3AE96123637F1 /* Frameworks */ = {
			isa = PBXGroup;
			children = (
				0C84B1ABC1AD90E810ADC6B9 /* Pods_HakodateBusApp.framework */,
			);
			name = Frameworks;
			sourceTree = "<group>";
		};
		96DEE0A7271CEFC8003C3985 = {
			isa = PBXGroup;
			children = (
				967FA1D028BDE2F8008D057B /* Mintfile */,
				96DEE0B2271CEFC8003C3985 /* HakodateBusApp */,
				96DEE0B1271CEFC8003C3985 /* Products */,
				1A9D3EA5330F2F3991B02E31 /* Pods */,
				6A2518D2FCE3AE96123637F1 /* Frameworks */,
			);
			sourceTree = "<group>";
		};
		96DEE0B1271CEFC8003C3985 /* Products */ = {
			isa = PBXGroup;
			children = (
				96DEE0B0271CEFC8003C3985 /* HakodateBusApp.app */,
			);
			name = Products;
			sourceTree = "<group>";
		};
		96DEE0B2271CEFC8003C3985 /* HakodateBusApp */ = {
			isa = PBXGroup;
			children = (
				96DEE0B3271CEFC8003C3985 /* AppDelegate.swift */,
				96DEE0B5271CEFC8003C3985 /* SceneDelegate.swift */,
				967FA1D228BDE34A008D057B /* viewController.swift */,
				96DEE0B9271CEFC8003C3985 /* Main.storyboard */,
				96DEE0BC271CEFCC003C3985 /* Assets.xcassets */,
				96DEE0BE271CEFCC003C3985 /* LaunchScreen.storyboard */,
				96DEE0C1271CEFCD003C3985 /* Info.plist */,
			);
			path = HakodateBusApp;
			sourceTree = "<group>";
		};
/* End PBXGroup section */

/* Begin PBXNativeTarget section */
		96DEE0AF271CEFC8003C3985 /* HakodateBusApp */ = {
			isa = PBXNativeTarget;
			buildConfigurationList = 96DEE0C4271CEFCD003C3985 /* Build configuration list for PBXNativeTarget "HakodateBusApp" */;
			buildPhases = (
				B17D610AE6DEBCBCE1833FC9 /* [CP] Check Pods Manifest.lock */,
				96DEE0AC271CEFC8003C3985 /* Sources */,
				96DEE0AD271CEFC8003C3985 /* Frameworks */,
				96DEE0AE271CEFC8003C3985 /* Resources */,
				967FA1CB28BCCFDC008D057B /* Run Script */,
			);
			buildRules = (
			);
			dependencies = (
			);
			name = HakodateBusApp;
			productName = HakodateBusApp;
			productReference = 96DEE0B0271CEFC8003C3985 /* HakodateBusApp.app */;
			productType = "com.apple.product-type.application";
		};
/* End PBXNativeTarget section */

/* Begin PBXProject section */
		96DEE0A8271CEFC8003C3985 /* Project object */ = {
			isa = PBXProject;
			attributes = {
				BuildIndependentTargetsInParallel = 1;
				LastSwiftUpdateCheck = 1300;
				LastUpgradeCheck = 1300;
				TargetAttributes = {
					96DEE0AF271CEFC8003C3985 = {
						CreatedOnToolsVersion = 13.0;
					};
				};
			};
			buildConfigurationList = 96DEE0AB271CEFC8003C3985 /* Build configuration list for PBXProject "HakodateBusApp" */;
			compatibilityVersion = "Xcode 13.0";
			developmentRegion = en;
			hasScannedForEncodings = 0;
			knownRegions = (
				en,
				Base,
			);
			mainGroup = 96DEE0A7271CEFC8003C3985;
			productRefGroup = 96DEE0B1271CEFC8003C3985 /* Products */;
			projectDirPath = "";
			projectRoot = "";
			targets = (
				96DEE0AF271CEFC8003C3985 /* HakodateBusApp */,
			);
		};
/* End PBXProject section */

/* Begin PBXResourcesBuildPhase section */
		96DEE0AE271CEFC8003C3985 /* Resources */ = {
			isa = PBXResourcesBuildPhase;
			buildActionMask = 2147483647;
			files = (
				967FA1D128BDE2F8008D057B /* Mintfile in Resources */,
				96DEE0C0271CEFCC003C3985 /* LaunchScreen.storyboard in Resources */,
				96DEE0BD271CEFCC003C3985 /* Assets.xcassets in Resources */,
				96DEE0BB271CEFC8003C3985 /* Main.storyboard in Resources */,
			);
			runOnlyForDeploymentPostprocessing = 0;
		};
/* End PBXResourcesBuildPhase section */

/* Begin PBXShellScriptBuildPhase section */
		967FA1CB28BCCFDC008D057B /* Run Script */ = {
			isa = PBXShellScriptBuildPhase;
			buildActionMask = 2147483647;
			files = (
			);
			inputFileListPaths = (
			);
			inputPaths = (
			);
			name = "Run Script";
			outputFileListPaths = (
			);
			outputPaths = (
			);
			runOnlyForDeploymentPostprocessing = 0;
			shellPath = /bin/sh;
			shellScript = "# Type a script or drag a script file from your workspace to insert its path.\nif which mint >/dev/null; then\n mint run swiftlint swiftlint autocorrect --format\n mint run swiftlint swiftlint\nelse\n echo \"warning: Mint not installed, download from https://github.com/yonaskolb/Mint\"\nfi\n\n";
		};
		B17D610AE6DEBCBCE1833FC9 /* [CP] Check Pods Manifest.lock */ = {
			isa = PBXShellScriptBuildPhase;
			buildActionMask = 2147483647;
			files = (
			);
			inputFileListPaths = (
			);
			inputPaths = (
				"${PODS_PODFILE_DIR_PATH}/Podfile.lock",
				"${PODS_ROOT}/Manifest.lock",
			);
			name = "[CP] Check Pods Manifest.lock";
			outputFileListPaths = (
			);
			outputPaths = (
				"$(DERIVED_FILE_DIR)/Pods-HakodateBusApp-checkManifestLockResult.txt",
			);
			runOnlyForDeploymentPostprocessing = 0;
			shellPath = /bin/sh;
			shellScript = "diff \"${PODS_PODFILE_DIR_PATH}/Podfile.lock\" \"${PODS_ROOT}/Manifest.lock\" > /dev/null\nif [ $? != 0 ] ; then\n    # print error to STDERR\n    echo \"error: The sandbox is not in sync with the Podfile.lock. Run 'pod install' or update your CocoaPods installation.\" >&2\n    exit 1\nfi\n# This output is used by Xcode 'outputs' to avoid re-running this script phase.\necho \"SUCCESS\" > \"${SCRIPT_OUTPUT_FILE_0}\"\n";
			showEnvVarsInLog = 0;
		};
/* End PBXShellScriptBuildPhase section */

/* Begin PBXSourcesBuildPhase section */
		96DEE0AC271CEFC8003C3985 /* Sources */ = {
			isa = PBXSourcesBuildPhase;
			buildActionMask = 2147483647;
			files = (
				967FA1D328BDE34A008D057B /* viewController.swift in Sources */,
				96DEE0B4271CEFC8003C3985 /* AppDelegate.swift in Sources */,
				96DEE0B6271CEFC8003C3985 /* SceneDelegate.swift in Sources */,
			);
			runOnlyForDeploymentPostprocessing = 0;
		};
/* End PBXSourcesBuildPhase section */

/* Begin PBXVariantGroup section */
		96DEE0B9271CEFC8003C3985 /* Main.storyboard */ = {
			isa = PBXVariantGroup;
			children = (
				96DEE0BA271CEFC8003C3985 /* Base */,
			);
			name = Main.storyboard;
			sourceTree = "<group>";
		};
		96DEE0BE271CEFCC003C3985 /* LaunchScreen.storyboard */ = {
			isa = PBXVariantGroup;
			children = (
				96DEE0BF271CEFCC003C3985 /* Base */,
			);
			name = LaunchScreen.storyboard;
			sourceTree = "<group>";
		};
/* End PBXVariantGroup section */

/* Begin XCBuildConfiguration section */
		96DEE0C2271CEFCD003C3985 /* Debug */ = {
			isa = XCBuildConfiguration;
			buildSettings = {
				ALWAYS_SEARCH_USER_PATHS = NO;
				CLANG_ANALYZER_NONNULL = YES;
				CLANG_ANALYZER_NUMBER_OBJECT_CONVERSION = YES_AGGRESSIVE;
				CLANG_CXX_LANGUAGE_STANDARD = "gnu++17";
				CLANG_CXX_LIBRARY = "libc++";
				CLANG_ENABLE_MODULES = YES;
				CLANG_ENABLE_OBJC_ARC = YES;
				CLANG_ENABLE_OBJC_WEAK = YES;
				CLANG_WARN_BLOCK_CAPTURE_AUTORELEASING = YES;
				CLANG_WARN_BOOL_CONVERSION = YES;
				CLANG_WARN_COMMA = YES;
				CLANG_WARN_CONSTANT_CONVERSION = YES;
				CLANG_WARN_DEPRECATED_OBJC_IMPLEMENTATIONS = YES;
				CLANG_WARN_DIRECT_OBJC_ISA_USAGE = YES_ERROR;
				CLANG_WARN_DOCUMENTATION_COMMENTS = YES;
				CLANG_WARN_EMPTY_BODY = YES;
				CLANG_WARN_ENUM_CONVERSION = YES;
				CLANG_WARN_INFINITE_RECURSION = YES;
				CLANG_WARN_INT_CONVERSION = YES;
				CLANG_WARN_NON_LITERAL_NULL_CONVERSION = YES;
				CLANG_WARN_OBJC_IMPLICIT_RETAIN_SELF = YES;
				CLANG_WARN_OBJC_LITERAL_CONVERSION = YES;
				CLANG_WARN_OBJC_ROOT_CLASS = YES_ERROR;
				CLANG_WARN_QUOTED_INCLUDE_IN_FRAMEWORK_HEADER = YES;
				CLANG_WARN_RANGE_LOOP_ANALYSIS = YES;
				CLANG_WARN_STRICT_PROTOTYPES = YES;
				CLANG_WARN_SUSPICIOUS_MOVE = YES;
				CLANG_WARN_UNGUARDED_AVAILABILITY = YES_AGGRESSIVE;
				CLANG_WARN_UNREACHABLE_CODE = YES;
				CLANG_WARN__DUPLICATE_METHOD_MATCH = YES;
				COPY_PHASE_STRIP = NO;
				DEBUG_INFORMATION_FORMAT = dwarf;
				ENABLE_STRICT_OBJC_MSGSEND = YES;
				ENABLE_TESTABILITY = YES;
				GCC_C_LANGUAGE_STANDARD = gnu11;
				GCC_DYNAMIC_NO_PIC = NO;
				GCC_NO_COMMON_BLOCKS = YES;
				GCC_OPTIMIZATION_LEVEL = 0;
				GCC_PREPROCESSOR_DEFINITIONS = (
					"DEBUG=1",
					"$(inherited)",
				);
				GCC_WARN_64_TO_32_BIT_CONVERSION = YES;
				GCC_WARN_ABOUT_RETURN_TYPE = YES_ERROR;
				GCC_WARN_UNDECLARED_SELECTOR = YES;
				GCC_WARN_UNINITIALIZED_AUTOS = YES_AGGRESSIVE;
				GCC_WARN_UNUSED_FUNCTION = YES;
				GCC_WARN_UNUSED_VARIABLE = YES;
				IPHONEOS_DEPLOYMENT_TARGET = 15.0;
				MTL_ENABLE_DEBUG_INFO = INCLUDE_SOURCE;
				MTL_FAST_MATH = YES;
				ONLY_ACTIVE_ARCH = YES;
				SDKROOT = iphoneos;
				SWIFT_ACTIVE_COMPILATION_CONDITIONS = DEBUG;
				SWIFT_OPTIMIZATION_LEVEL = "-Onone";
			};
			name = Debug;
		};
		96DEE0C3271CEFCD003C3985 /* Release */ = {
			isa = XCBuildConfiguration;
			buildSettings = {
				ALWAYS_SEARCH_USER_PATHS = NO;
				CLANG_ANALYZER_NONNULL = YES;
				CLANG_ANALYZER_NUMBER_OBJECT_CONVERSION = YES_AGGRESSIVE;
				CLANG_CXX_LANGUAGE_STANDARD = "gnu++17";
				CLANG_CXX_LIBRARY = "libc++";
				CLANG_ENABLE_MODULES = YES;
				CLANG_ENABLE_OBJC_ARC = YES;
				CLANG_ENABLE_OBJC_WEAK = YES;
				CLANG_WARN_BLOCK_CAPTURE_AUTORELEASING = YES;
				CLANG_WARN_BOOL_CONVERSION = YES;
				CLANG_WARN_COMMA = YES;
				CLANG_WARN_CONSTANT_CONVERSION = YES;
				CLANG_WARN_DEPRECATED_OBJC_IMPLEMENTATIONS = YES;
				CLANG_WARN_DIRECT_OBJC_ISA_USAGE = YES_ERROR;
				CLANG_WARN_DOCUMENTATION_COMMENTS = YES;
				CLANG_WARN_EMPTY_BODY = YES;
				CLANG_WARN_ENUM_CONVERSION = YES;
				CLANG_WARN_INFINITE_RECURSION = YES;
				CLANG_WARN_INT_CONVERSION = YES;
				CLANG_WARN_NON_LITERAL_NULL_CONVERSION = YES;
				CLANG_WARN_OBJC_IMPLICIT_RETAIN_SELF = YES;
				CLANG_WARN_OBJC_LITERAL_CONVERSION = YES;
				CLANG_WARN_OBJC_ROOT_CLASS = YES_ERROR;
				CLANG_WARN_QUOTED_INCLUDE_IN_FRAMEWORK_HEADER = YES;
				CLANG_WARN_RANGE_LOOP_ANALYSIS = YES;
				CLANG_WARN_STRICT_PROTOTYPES = YES;
				CLANG_WARN_SUSPICIOUS_MOVE = YES;
				CLANG_WARN_UNGUARDED_AVAILABILITY = YES_AGGRESSIVE;
				CLANG_WARN_UNREACHABLE_CODE = YES;
				CLANG_WARN__DUPLICATE_METHOD_MATCH = YES;
				COPY_PHASE_STRIP = NO;
				DEBUG_INFORMATION_FORMAT = "dwarf-with-dsym";
				ENABLE_NS_ASSERTIONS = NO;
				ENABLE_STRICT_OBJC_MSGSEND = YES;
				GCC_C_LANGUAGE_STANDARD = gnu11;
				GCC_NO_COMMON_BLOCKS = YES;
				GCC_WARN_64_TO_32_BIT_CONVERSION = YES;
				GCC_WARN_ABOUT_RETURN_TYPE = YES_ERROR;
				GCC_WARN_UNDECLARED_SELECTOR = YES;
				GCC_WARN_UNINITIALIZED_AUTOS = YES_AGGRESSIVE;
				GCC_WARN_UNUSED_FUNCTION = YES;
				GCC_WARN_UNUSED_VARIABLE = YES;
				IPHONEOS_DEPLOYMENT_TARGET = 15.0;
				MTL_ENABLE_DEBUG_INFO = NO;
				MTL_FAST_MATH = YES;
				SDKROOT = iphoneos;
				SWIFT_COMPILATION_MODE = wholemodule;
				SWIFT_OPTIMIZATION_LEVEL = "-O";
				VALIDATE_PRODUCT = YES;
			};
			name = Release;
		};
		96DEE0C5271CEFCD003C3985 /* Debug */ = {
			isa = XCBuildConfiguration;
			baseConfigurationReference = EAE54F54C765B4181ED66636 /* Pods-HakodateBusApp.debug.xcconfig */;
			buildSettings = {
				ASSETCATALOG_COMPILER_APPICON_NAME = AppIcon;
				ASSETCATALOG_COMPILER_GLOBAL_ACCENT_COLOR_NAME = AccentColor;
				CODE_SIGN_STYLE = Automatic;
				CURRENT_PROJECT_VERSION = 1;
				DEVELOPMENT_TEAM = 56A6V2NMA2;
				"EXCLUDED_ARCHS[sdk=iphonesimulator*]" = arm64;
				GENERATE_INFOPLIST_FILE = YES;
				INFOPLIST_FILE = HakodateBusApp/Info.plist;
				INFOPLIST_KEY_UIApplicationSupportsIndirectInputEvents = YES;
				INFOPLIST_KEY_UILaunchStoryboardName = LaunchScreen;
				INFOPLIST_KEY_UIMainStoryboardFile = Main;
				INFOPLIST_KEY_UISupportedInterfaceOrientations_iPad = "UIInterfaceOrientationPortrait UIInterfaceOrientationPortraitUpsideDown UIInterfaceOrientationLandscapeLeft UIInterfaceOrientationLandscapeRight";
				INFOPLIST_KEY_UISupportedInterfaceOrientations_iPhone = "UIInterfaceOrientationPortrait UIInterfaceOrientationLandscapeLeft UIInterfaceOrientationLandscapeRight";
				LD_RUNPATH_SEARCH_PATHS = (
					"$(inherited)",
					"@executable_path/Frameworks",
				);
				MARKETING_VERSION = 1.0;
				PRODUCT_BUNDLE_IDENTIFIER = com.syota.HakodateBusApp;
				PRODUCT_NAME = "$(TARGET_NAME)";
				SWIFT_EMIT_LOC_STRINGS = YES;
				SWIFT_VERSION = 5.0;
				TARGETED_DEVICE_FAMILY = "1,2";
			};
			name = Debug;
		};
		96DEE0C6271CEFCD003C3985 /* Release */ = {
			isa = XCBuildConfiguration;
			baseConfigurationReference = 33AFFF9343330E281FE65617 /* Pods-HakodateBusApp.release.xcconfig */;
			buildSettings = {
				ASSETCATALOG_COMPILER_APPICON_NAME = AppIcon;
				ASSETCATALOG_COMPILER_GLOBAL_ACCENT_COLOR_NAME = AccentColor;
				CODE_SIGN_STYLE = Automatic;
				CURRENT_PROJECT_VERSION = 1;
				DEVELOPMENT_TEAM = 56A6V2NMA2;
				"EXCLUDED_ARCHS[sdk=iphonesimulator*]" = arm64;
				GENERATE_INFOPLIST_FILE = YES;
				INFOPLIST_FILE = HakodateBusApp/Info.plist;
				INFOPLIST_KEY_UIApplicationSupportsIndirectInputEvents = YES;
				INFOPLIST_KEY_UILaunchStoryboardName = LaunchScreen;
				INFOPLIST_KEY_UIMainStoryboardFile = Main;
				INFOPLIST_KEY_UISupportedInterfaceOrientations_iPad = "UIInterfaceOrientationPortrait UIInterfaceOrientationPortraitUpsideDown UIInterfaceOrientationLandscapeLeft UIInterfaceOrientationLandscapeRight";
				INFOPLIST_KEY_UISupportedInterfaceOrientations_iPhone = "UIInterfaceOrientationPortrait UIInterfaceOrientationLandscapeLeft UIInterfaceOrientationLandscapeRight";
				LD_RUNPATH_SEARCH_PATHS = (
					"$(inherited)",
					"@executable_path/Frameworks",
				);
				MARKETING_VERSION = 1.0;
				PRODUCT_BUNDLE_IDENTIFIER = com.syota.HakodateBusApp;
				PRODUCT_NAME = "$(TARGET_NAME)";
				SWIFT_EMIT_LOC_STRINGS = YES;
				SWIFT_VERSION = 5.0;
				TARGETED_DEVICE_FAMILY = "1,2";
			};
			name = Release;
		};
/* End XCBuildConfiguration section */

/* Begin XCConfigurationList section */
		96DEE0AB271CEFC8003C3985 /* Build configuration list for PBXProject "HakodateBusApp" */ = {
			isa = XCConfigurationList;
			buildConfigurations = (
				96DEE0C2271CEFCD003C3985 /* Debug */,
				96DEE0C3271CEFCD003C3985 /* Release */,
			);
			defaultConfigurationIsVisible = 0;
			defaultConfigurationName = Release;
		};
		96DEE0C4271CEFCD003C3985 /* Build configuration list for PBXNativeTarget "HakodateBusApp" */ = {
			isa = XCConfigurationList;
			buildConfigurations = (
				96DEE0C5271CEFCD003C3985 /* Debug */,
				96DEE0C6271CEFCD003C3985 /* Release */,
			);
			defaultConfigurationIsVisible = 0;
			defaultConfigurationName = Release;
		};
/* End XCConfigurationList section */
	};
	rootObject = 96DEE0A8271CEFC8003C3985 /* Project object */;
}
